
Microsoft Visual Studio Solution File, Format Version 12.00
# Visual Studio 14
VisualStudioVersion = 14.0.25420.1
MinimumVisualStudioVersion = 10.0.40219.1
Project("{2150E333-8FDC-42A3-9474-1A3956D46DE8}") = "src", "src", "{93B7A5D6-F65E-4C90-9BB7-094C66302766}"
EndProject
Project("{2150E333-8FDC-42A3-9474-1A3956D46DE8}") = "Solution Items", "Solution Items", "{8222D593-5AD9-401D-B15C-975EDE77153E}"
	ProjectSection(SolutionItems) = preProject
		global.json = global.json
	EndProjectSection
EndProject
Project("{8BB2217D-0F2D-49D1-97BC-3654ED321F3B}") = "Microsoft.Azure.Relay", "src\Microsoft.Azure.Relay\Microsoft.Azure.Relay.xproj", "{6747D8BD-AC7B-4100-ACE5-E45F14931153}"
EndProject
Project("{2150E333-8FDC-42A3-9474-1A3956D46DE8}") = "test", "test", "{2C7349A8-BE85-4D88-8788-973914215467}"
EndProject
Project("{8BB2217D-0F2D-49D1-97BC-3654ED321F3B}") = "Microsoft.Azure.Relay.UnitTests", "test\Microsoft.Azure.Relay.UnitTests\Microsoft.Azure.Relay.UnitTests.xproj", "{A2690D09-95E9-4018-A340-6FAF47C4E64A}"
EndProject
Project("{FAE04EC0-301F-11D3-BF4B-00C04F79EFBC}") = "Microsoft.Azure.Relay.UnitTests.UWP", "test\Microsoft.Azure.Relay.UnitTests.UWP\Microsoft.Azure.Relay.UnitTests.UWP.csproj", "{10CC7191-D936-46CA-BA87-0646733571EA}"
	ProjectSection(ProjectDependencies) = postProject
		{6747D8BD-AC7B-4100-ACE5-E45F14931153} = {6747D8BD-AC7B-4100-ACE5-E45F14931153}
	EndProjectSection
EndProject
Global
	GlobalSection(SolutionConfigurationPlatforms) = preSolution
		Debug|Any CPU = Debug|Any CPU
		Debug|x64 = Debug|x64
		Debug|x86 = Debug|x86
		Release|Any CPU = Release|Any CPU
		Release|x64 = Release|x64
		Release|x86 = Release|x86
	EndGlobalSection
	GlobalSection(ProjectConfigurationPlatforms) = postSolution
		{6747D8BD-AC7B-4100-ACE5-E45F14931153}.Debug|Any CPU.ActiveCfg = Debug|Any CPU
		{6747D8BD-AC7B-4100-ACE5-E45F14931153}.Debug|Any CPU.Build.0 = Debug|Any CPU
		{6747D8BD-AC7B-4100-ACE5-E45F14931153}.Debug|x64.ActiveCfg = Debug|Any CPU
		{6747D8BD-AC7B-4100-ACE5-E45F14931153}.Debug|x64.Build.0 = Debug|Any CPU
		{6747D8BD-AC7B-4100-ACE5-E45F14931153}.Debug|x86.ActiveCfg = Debug|Any CPU
		{6747D8BD-AC7B-4100-ACE5-E45F14931153}.Debug|x86.Build.0 = Debug|Any CPU
		{6747D8BD-AC7B-4100-ACE5-E45F14931153}.Release|Any CPU.ActiveCfg = Release|Any CPU
		{6747D8BD-AC7B-4100-ACE5-E45F14931153}.Release|Any CPU.Build.0 = Release|Any CPU
		{6747D8BD-AC7B-4100-ACE5-E45F14931153}.Release|x64.ActiveCfg = Release|Any CPU
		{6747D8BD-AC7B-4100-ACE5-E45F14931153}.Release|x64.Build.0 = Release|Any CPU
		{6747D8BD-AC7B-4100-ACE5-E45F14931153}.Release|x86.ActiveCfg = Release|Any CPU
		{6747D8BD-AC7B-4100-ACE5-E45F14931153}.Release|x86.Build.0 = Release|Any CPU
		{A2690D09-95E9-4018-A340-6FAF47C4E64A}.Debug|Any CPU.ActiveCfg = Debug|Any CPU
		{A2690D09-95E9-4018-A340-6FAF47C4E64A}.Debug|Any CPU.Build.0 = Debug|Any CPU
		{A2690D09-95E9-4018-A340-6FAF47C4E64A}.Debug|x64.ActiveCfg = Debug|Any CPU
		{A2690D09-95E9-4018-A340-6FAF47C4E64A}.Debug|x64.Build.0 = Debug|Any CPU
		{A2690D09-95E9-4018-A340-6FAF47C4E64A}.Debug|x86.ActiveCfg = Debug|Any CPU
		{A2690D09-95E9-4018-A340-6FAF47C4E64A}.Debug|x86.Build.0 = Debug|Any CPU
		{A2690D09-95E9-4018-A340-6FAF47C4E64A}.Release|Any CPU.ActiveCfg = Release|Any CPU
		{A2690D09-95E9-4018-A340-6FAF47C4E64A}.Release|Any CPU.Build.0 = Release|Any CPU
		{A2690D09-95E9-4018-A340-6FAF47C4E64A}.Release|x64.ActiveCfg = Release|Any CPU
		{A2690D09-95E9-4018-A340-6FAF47C4E64A}.Release|x64.Build.0 = Release|Any CPU
		{A2690D09-95E9-4018-A340-6FAF47C4E64A}.Release|x86.ActiveCfg = Release|Any CPU
		{A2690D09-95E9-4018-A340-6FAF47C4E64A}.Release|x86.Build.0 = Release|Any CPU
		{10CC7191-D936-46CA-BA87-0646733571EA}.Debug|Any CPU.ActiveCfg = Debug|x86
		{10CC7191-D936-46CA-BA87-0646733571EA}.Debug|Any CPU.Build.0 = Debug|x86
		{10CC7191-D936-46CA-BA87-0646733571EA}.Debug|x64.ActiveCfg = Debug|x64
		{10CC7191-D936-46CA-BA87-0646733571EA}.Debug|x64.Build.0 = Debug|x64
		{10CC7191-D936-46CA-BA87-0646733571EA}.Debug|x86.ActiveCfg = Debug|x86
		{10CC7191-D936-46CA-BA87-0646733571EA}.Debug|x86.Build.0 = Debug|x86
		{10CC7191-D936-46CA-BA87-0646733571EA}.Release|Any CPU.ActiveCfg = Release|x86
		{10CC7191-D936-46CA-BA87-0646733571EA}.Release|x64.ActiveCfg = Release|x64
		{10CC7191-D936-46CA-BA87-0646733571EA}.Release|x64.Build.0 = Release|x64
		{10CC7191-D936-46CA-BA87-0646733571EA}.Release|x64.Deploy.0 = Release|x64
		{10CC7191-D936-46CA-BA87-0646733571EA}.Release|x86.ActiveCfg = Release|x86
		{10CC7191-D936-46CA-BA87-0646733571EA}.Release|x86.Build.0 = Release|x86
		{10CC7191-D936-46CA-BA87-0646733571EA}.Release|x86.Deploy.0 = Release|x86
	EndGlobalSection
	GlobalSection(SolutionProperties) = preSolution
		HideSolutionNode = FALSE
	EndGlobalSection
	GlobalSection(NestedProjects) = preSolution
		{6747D8BD-AC7B-4100-ACE5-E45F14931153} = {93B7A5D6-F65E-4C90-9BB7-094C66302766}
		{A2690D09-95E9-4018-A340-6FAF47C4E64A} = {2C7349A8-BE85-4D88-8788-973914215467}
		{10CC7191-D936-46CA-BA87-0646733571EA} = {2C7349A8-BE85-4D88-8788-973914215467}
	EndGlobalSection
EndGlobal
