
Microsoft Visual Studio Solution File, Format Version 12.00
# Visual Studio 15
VisualStudioVersion = 15.0.26403.7
MinimumVisualStudioVersion = 10.0.40219.1
Project("{2150E333-8FDC-42A3-9474-1A3956D46DE8}") = "src", "src", "{93B7A5D6-F65E-4C90-9BB7-094C66302766}"
EndProject
Project("{2150E333-8FDC-42A3-9474-1A3956D46DE8}") = "Solution Items", "Solution Items", "{8222D593-5AD9-401D-B15C-975EDE77153E}"
EndProject
Project("{9A19103F-16F7-4668-BE54-9A1E7A4F7556}") = "Microsoft.Azure.Relay", "src\Microsoft.Azure.Relay\Microsoft.Azure.Relay.csproj", "{6747D8BD-AC7B-4100-ACE5-E45F14931153}"
EndProject
Project("{2150E333-8FDC-42A3-9474-1A3956D46DE8}") = "test", "test", "{2C7349A8-BE85-4D88-8788-973914215467}"
EndProject
Project("{9A19103F-16F7-4668-BE54-9A1E7A4F7556}") = "Microsoft.Azure.Relay.UnitTests", "test\Microsoft.Azure.Relay.UnitTests\Microsoft.Azure.Relay.UnitTests.csproj", "{D5315449-B89C-458F-811C-8BA264CA5777}"
EndProject
Global
	GlobalSection(SolutionConfigurationPlatforms) = preSolution
		Debug|Any CPU = Debug|Any CPU
		Release|Any CPU = Release|Any CPU
	EndGlobalSection
	GlobalSection(ProjectConfigurationPlatforms) = postSolution
		{6747D8BD-AC7B-4100-ACE5-E45F14931153}.Debug|Any CPU.ActiveCfg = Debug|Any CPU
		{6747D8BD-AC7B-4100-ACE5-E45F14931153}.Debug|Any CPU.Build.0 = Debug|Any CPU
		{6747D8BD-AC7B-4100-ACE5-E45F14931153}.Release|Any CPU.ActiveCfg = Release|Any CPU
		{6747D8BD-AC7B-4100-ACE5-E45F14931153}.Release|Any CPU.Build.0 = Release|Any CPU
		{D5315449-B89C-458F-811C-8BA264CA5777}.Debug|Any CPU.ActiveCfg = Debug|Any CPU
		{D5315449-B89C-458F-811C-8BA264CA5777}.Debug|Any CPU.Build.0 = Debug|Any CPU
		{D5315449-B89C-458F-811C-8BA264CA5777}.Release|Any CPU.ActiveCfg = Release|Any CPU
		{D5315449-B89C-458F-811C-8BA264CA5777}.Release|Any CPU.Build.0 = Release|Any CPU
	EndGlobalSection
	GlobalSection(SolutionProperties) = preSolution
		HideSolutionNode = FALSE
	EndGlobalSection
	GlobalSection(NestedProjects) = preSolution
		{6747D8BD-AC7B-4100-ACE5-E45F14931153} = {93B7A5D6-F65E-4C90-9BB7-094C66302766}
		{D5315449-B89C-458F-811C-8BA264CA5777} = {2C7349A8-BE85-4D88-8788-973914215467}
	EndGlobalSection
EndGlobal
