
Microsoft Visual Studio Solution File, Format Version 12.00
# Visual Studio 15
VisualStudioVersion = 15.0.27613.0
MinimumVisualStudioVersion = 10.0.40219.1
Project("{2150E333-8FDC-42A3-9474-1A3956D46DE8}") = "src", "src", "{93B7A5D6-F65E-4C90-9BB7-094C66302766}"
EndProject
Project("{2150E333-8FDC-42A3-9474-1A3956D46DE8}") = "Solution Items", "Solution Items", "{8222D593-5AD9-401D-B15C-975EDE77153E}"
EndProject
Project("{2150E333-8FDC-42A3-9474-1A3956D46DE8}") = "test", "test", "{2C7349A8-BE85-4D88-8788-973914215467}"
EndProject
Project("{9A19103F-16F7-4668-BE54-9A1E7A4F7556}") = "Microsoft.Azure.Relay", "src\Microsoft.Azure.Relay\Microsoft.Azure.Relay.csproj", "{6747D8BD-AC7B-4100-ACE5-E45F14931153}"
EndProject
Project("{9A19103F-16F7-4668-BE54-9A1E7A4F7556}") = "Microsoft.Azure.Relay.UnitTests", "test\Microsoft.Azure.Relay.UnitTests\Microsoft.Azure.Relay.UnitTests.csproj", "{A2690D09-95E9-4018-A340-6FAF47C4E64A}"
EndProject
Global
	GlobalSection(SolutionConfigurationPlatforms) = preSolution
		Debug|Any CPU = Debug|Any CPU
		Release|Any CPU = Release|Any CPU
	EndGlobalSection
	GlobalSection(ProjectConfigurationPlatforms) = postSolution
		{6747D8BD-AC7B-4100-ACE5-E45F14931153}.Debug|Any CPU.ActiveCfg = Debug|Any CPU
		{6747D8BD-AC7B-4100-ACE5-E45F14931153}.Debug|Any CPU.Build.0 = Debug|Any CPU
		{6747D8BD-AC7B-4100-ACE5-E45F14931153}.Release|Any CPU.ActiveCfg = Release|Any CPU
		{6747D8BD-AC7B-4100-ACE5-E45F14931153}.Release|Any CPU.Build.0 = Release|Any CPU
		{A2690D09-95E9-4018-A340-6FAF47C4E64A}.Debug|Any CPU.ActiveCfg = Debug|Any CPU
		{A2690D09-95E9-4018-A340-6FAF47C4E64A}.Debug|Any CPU.Build.0 = Debug|Any CPU
		{A2690D09-95E9-4018-A340-6FAF47C4E64A}.Release|Any CPU.ActiveCfg = Release|Any CPU
		{A2690D09-95E9-4018-A340-6FAF47C4E64A}.Release|Any CPU.Build.0 = Release|Any CPU
	EndGlobalSection
	GlobalSection(SolutionProperties) = preSolution
		HideSolutionNode = FALSE
	EndGlobalSection
	GlobalSection(NestedProjects) = preSolution
		{6747D8BD-AC7B-4100-ACE5-E45F14931153} = {93B7A5D6-F65E-4C90-9BB7-094C66302766}
		{A2690D09-95E9-4018-A340-6FAF47C4E64A} = {2C7349A8-BE85-4D88-8788-973914215467}
	EndGlobalSection
	GlobalSection(ExtensibilityGlobals) = postSolution
		SolutionGuid = {BD48C424-371D-4F19-90C7-005D0BF0D0F1}
	EndGlobalSection
EndGlobal
